{
  "name": "test",
  "lockfileVersion": 2,
  "requires": true,
  "packages": {
    "": {
      "dependencies": {
        "duberney02-frame-print": "^1.0.0"
      }
    },
    "node_modules/duberney02-frame-print": {
      "version": "1.0.0",
      "resolved": "https://registry.npmjs.org/duberney02-frame-print/-/duberney02-frame-print-1.0.0.tgz",
      "integrity": "sha512-uFpuqPZkozRDuIPUovzI6zHxg7oW4L9UFXH8DaIsI/MIcdbu++Cg58/9GdN/5mTR05n8ZvDaXlV6RFX5hNq0iw=="
    }
  },
  "dependencies": {
    "duberney02-frame-print": {
      "version": "1.0.0",
      "resolved": "https://registry.npmjs.org/duberney02-frame-print/-/duberney02-frame-print-1.0.0.tgz",
      "integrity": "sha512-uFpuqPZkozRDuIPUovzI6zHxg7oW4L9UFXH8DaIsI/MIcdbu++Cg58/9GdN/5mTR05n8ZvDaXlV6RFX5hNq0iw=="
    }
  }
}
